
Microsoft Visual Studio Solution File, Format Version 12.00
# Visual Studio Version 16
VisualStudioVersion = 16.0.31229.75
MinimumVisualStudioVersion = 10.0.40219.1
Project("{FAE04EC0-301F-11D3-BF4B-00C04F79EFBC}") = "PastaOrderfood", "PastaOrderfood\PastaOrderfood.csproj", "{042A382A-91FA-4033-81A9-C656294D6130}"
EndProject
Global
	GlobalSection(SolutionConfigurationPlatforms) = preSolution
		Debug|Any CPU = Debug|Any CPU
		Release|Any CPU = Release|Any CPU
	EndGlobalSection
	GlobalSection(ProjectConfigurationPlatforms) = postSolution
		{042A382A-91FA-4033-81A9-C656294D6130}.Debug|Any CPU.ActiveCfg = Debug|Any CPU
		{042A382A-91FA-4033-81A9-C656294D6130}.Debug|Any CPU.Build.0 = Debug|Any CPU
		{042A382A-91FA-4033-81A9-C656294D6130}.Release|Any CPU.ActiveCfg = Release|Any CPU
		{042A382A-91FA-4033-81A9-C656294D6130}.Release|Any CPU.Build.0 = Release|Any CPU
	EndGlobalSection
	GlobalSection(SolutionProperties) = preSolution
		HideSolutionNode = FALSE
	EndGlobalSection
	GlobalSection(ExtensibilityGlobals) = postSolution
		SolutionGuid = {66A562AB-C5AF-419C-8795-4D99162EB5F2}
	EndGlobalSection
EndGlobal
